
Microsoft Visual Studio Solution File, Format Version 11.00
# Visual Studio 2010
Project("{FAE04EC0-301F-11D3-BF4B-00C04F79EFBC}") = "SlimTuneUI", "SlimTuneUI.csproj", "{B18BAFF4-A8F9-489E-85A9-C5A37E4F90FB}"
	ProjectSection(ProjectDependencies) = postProject
		{FB113109-23C5-4234-849D-2E71D077B4FB} = {FB113109-23C5-4234-849D-2E71D077B4FB}
		{134D450E-733B-4DE7-A051-FDFC781561DE} = {134D450E-733B-4DE7-A051-FDFC781561DE}
	EndProjectSection
EndProject
Project("{FAE04EC0-301F-11D3-BF4B-00C04F79EFBC}") = "CoreVis", "..\CoreVis\CoreVis.csproj", "{134D450E-733B-4DE7-A051-FDFC781561DE}"
EndProject
Project("{FAE04EC0-301F-11D3-BF4B-00C04F79EFBC}") = "UICore", "UICore\UICore.csproj", "{B3047427-78A7-4560-B8E7-6917B57C7E9C}"
EndProject
Project("{FAE04EC0-301F-11D3-BF4B-00C04F79EFBC}") = "SlimTuneApi", "..\SlimTuneCLR\SlimTuneApi\SlimTuneApi.csproj", "{03AB76C5-F116-4A55-9BA6-3F9B60F98F90}"
EndProject
Project("{FAE04EC0-301F-11D3-BF4B-00C04F79EFBC}") = "Universe", "..\Universe\Universe.csproj", "{FB113109-23C5-4234-849D-2E71D077B4FB}"
EndProject
Global
	GlobalSection(SolutionConfigurationPlatforms) = preSolution
		Debug|x86 = Debug|x86
		Release|x86 = Release|x86
	EndGlobalSection
	GlobalSection(ProjectConfigurationPlatforms) = postSolution
		{B18BAFF4-A8F9-489E-85A9-C5A37E4F90FB}.Debug|x86.ActiveCfg = Debug|x86
		{B18BAFF4-A8F9-489E-85A9-C5A37E4F90FB}.Debug|x86.Build.0 = Debug|x86
		{B18BAFF4-A8F9-489E-85A9-C5A37E4F90FB}.Release|x86.ActiveCfg = Release|x86
		{B18BAFF4-A8F9-489E-85A9-C5A37E4F90FB}.Release|x86.Build.0 = Release|x86
		{134D450E-733B-4DE7-A051-FDFC781561DE}.Debug|x86.ActiveCfg = Debug|x86
		{134D450E-733B-4DE7-A051-FDFC781561DE}.Debug|x86.Build.0 = Debug|x86
		{134D450E-733B-4DE7-A051-FDFC781561DE}.Release|x86.ActiveCfg = Release|x86
		{134D450E-733B-4DE7-A051-FDFC781561DE}.Release|x86.Build.0 = Release|x86
		{B3047427-78A7-4560-B8E7-6917B57C7E9C}.Debug|x86.ActiveCfg = Debug|x86
		{B3047427-78A7-4560-B8E7-6917B57C7E9C}.Debug|x86.Build.0 = Debug|x86
		{B3047427-78A7-4560-B8E7-6917B57C7E9C}.Release|x86.ActiveCfg = Release|x86
		{B3047427-78A7-4560-B8E7-6917B57C7E9C}.Release|x86.Build.0 = Release|x86
		{03AB76C5-F116-4A55-9BA6-3F9B60F98F90}.Debug|x86.ActiveCfg = Debug|Any CPU
		{03AB76C5-F116-4A55-9BA6-3F9B60F98F90}.Release|x86.ActiveCfg = Release|Any CPU
		{FB113109-23C5-4234-849D-2E71D077B4FB}.Debug|x86.ActiveCfg = Debug|x86
		{FB113109-23C5-4234-849D-2E71D077B4FB}.Debug|x86.Build.0 = Debug|x86
		{FB113109-23C5-4234-849D-2E71D077B4FB}.Release|x86.ActiveCfg = Release|x86
		{FB113109-23C5-4234-849D-2E71D077B4FB}.Release|x86.Build.0 = Release|x86
	EndGlobalSection
	GlobalSection(SolutionProperties) = preSolution
		HideSolutionNode = FALSE
	EndGlobalSection
EndGlobal
